
Microsoft Visual Studio Solution File, Format Version 12.00
# Visual Studio Version 17
VisualStudioVersion = 17.6.33712.159
MinimumVisualStudioVersion = 10.0.40219.1
Project("{9A19103F-16F7-4668-BE54-9A1E7A4F7556}") = "TradingEngineServer", "TradingEngineServer.csproj", "{BEC39473-9E4A-47AB-87B0-DA91C0F91EFE}"
EndProject
Project("{9A19103F-16F7-4668-BE54-9A1E7A4F7556}") = "LoggingCS", "..\LoggingCS\LoggingCS\LoggingCS.csproj", "{DB7E747D-E0B8-4B7D-8DB7-90F6B69AF48F}"
EndProject
Project("{FAE04EC0-301F-11D3-BF4B-00C04F79EFBC}") = "InstrumentCS", "..\InstrumentCS\InstrumentCS.csproj", "{8B313887-7A22-4DEF-BA77-543E0EFB1E76}"
EndProject
Project("{FAE04EC0-301F-11D3-BF4B-00C04F79EFBC}") = "OrdersCS", "..\OrdersCS\OrdersCS.csproj", "{AE43FDDA-CC1A-473D-A6B9-72838C0BA947}"
EndProject
Project("{FAE04EC0-301F-11D3-BF4B-00C04F79EFBC}") = "OrderBookCS", "..\OrderBookCS\OrderBookCS.csproj", "{B485E583-3DAE-42B0-8A78-CC60E1E93D3E}"
EndProject
Global
	GlobalSection(SolutionConfigurationPlatforms) = preSolution
		Debug|Any CPU = Debug|Any CPU
		Release|Any CPU = Release|Any CPU
	EndGlobalSection
	GlobalSection(ProjectConfigurationPlatforms) = postSolution
		{BEC39473-9E4A-47AB-87B0-DA91C0F91EFE}.Debug|Any CPU.ActiveCfg = Debug|Any CPU
		{BEC39473-9E4A-47AB-87B0-DA91C0F91EFE}.Debug|Any CPU.Build.0 = Debug|Any CPU
		{BEC39473-9E4A-47AB-87B0-DA91C0F91EFE}.Release|Any CPU.ActiveCfg = Release|Any CPU
		{BEC39473-9E4A-47AB-87B0-DA91C0F91EFE}.Release|Any CPU.Build.0 = Release|Any CPU
		{DB7E747D-E0B8-4B7D-8DB7-90F6B69AF48F}.Debug|Any CPU.ActiveCfg = Debug|Any CPU
		{DB7E747D-E0B8-4B7D-8DB7-90F6B69AF48F}.Debug|Any CPU.Build.0 = Debug|Any CPU
		{DB7E747D-E0B8-4B7D-8DB7-90F6B69AF48F}.Release|Any CPU.ActiveCfg = Release|Any CPU
		{DB7E747D-E0B8-4B7D-8DB7-90F6B69AF48F}.Release|Any CPU.Build.0 = Release|Any CPU
		{8B313887-7A22-4DEF-BA77-543E0EFB1E76}.Debug|Any CPU.ActiveCfg = Debug|Any CPU
		{8B313887-7A22-4DEF-BA77-543E0EFB1E76}.Debug|Any CPU.Build.0 = Debug|Any CPU
		{8B313887-7A22-4DEF-BA77-543E0EFB1E76}.Release|Any CPU.ActiveCfg = Release|Any CPU
		{8B313887-7A22-4DEF-BA77-543E0EFB1E76}.Release|Any CPU.Build.0 = Release|Any CPU
		{AE43FDDA-CC1A-473D-A6B9-72838C0BA947}.Debug|Any CPU.ActiveCfg = Debug|Any CPU
		{AE43FDDA-CC1A-473D-A6B9-72838C0BA947}.Debug|Any CPU.Build.0 = Debug|Any CPU
		{AE43FDDA-CC1A-473D-A6B9-72838C0BA947}.Release|Any CPU.ActiveCfg = Release|Any CPU
		{AE43FDDA-CC1A-473D-A6B9-72838C0BA947}.Release|Any CPU.Build.0 = Release|Any CPU
		{B485E583-3DAE-42B0-8A78-CC60E1E93D3E}.Debug|Any CPU.ActiveCfg = Debug|Any CPU
		{B485E583-3DAE-42B0-8A78-CC60E1E93D3E}.Debug|Any CPU.Build.0 = Debug|Any CPU
		{B485E583-3DAE-42B0-8A78-CC60E1E93D3E}.Release|Any CPU.ActiveCfg = Release|Any CPU
		{B485E583-3DAE-42B0-8A78-CC60E1E93D3E}.Release|Any CPU.Build.0 = Release|Any CPU
	EndGlobalSection
	GlobalSection(SolutionProperties) = preSolution
		HideSolutionNode = FALSE
	EndGlobalSection
	GlobalSection(ExtensibilityGlobals) = postSolution
		SolutionGuid = {0BB73C3E-515E-4D41-8392-652B73C32D6D}
	EndGlobalSection
EndGlobal
